
Microsoft Visual Studio Solution File, Format Version 12.00
# Visual Studio Version 17
VisualStudioVersion = 17.5.33530.505
MinimumVisualStudioVersion = 10.0.40219.1
Project("{FAE04EC0-301F-11D3-BF4B-00C04F79EFBC}") = "net-BlazorApp-WebAssembly-fundamentos-incio", "net-BlazorApp-WebAssembly-fundamentos-incio.csproj", "{CCAE2DFD-CCB9-4D20-BDB7-5700DF5AB07C}"
EndProject
Global
	GlobalSection(SolutionConfigurationPlatforms) = preSolution
		Debug|Any CPU = Debug|Any CPU
		Release|Any CPU = Release|Any CPU
	EndGlobalSection
	GlobalSection(ProjectConfigurationPlatforms) = postSolution
		{CCAE2DFD-CCB9-4D20-BDB7-5700DF5AB07C}.Debug|Any CPU.ActiveCfg = Debug|Any CPU
		{CCAE2DFD-CCB9-4D20-BDB7-5700DF5AB07C}.Debug|Any CPU.Build.0 = Debug|Any CPU
		{CCAE2DFD-CCB9-4D20-BDB7-5700DF5AB07C}.Release|Any CPU.ActiveCfg = Release|Any CPU
		{CCAE2DFD-CCB9-4D20-BDB7-5700DF5AB07C}.Release|Any CPU.Build.0 = Release|Any CPU
	EndGlobalSection
	GlobalSection(SolutionProperties) = preSolution
		HideSolutionNode = FALSE
	EndGlobalSection
	GlobalSection(ExtensibilityGlobals) = postSolution
		SolutionGuid = {565BC19C-A744-4A6C-8625-FDE412D8537C}
	EndGlobalSection
EndGlobal
